<?xml version="1.0" encoding="utf-8"?>
<Project ToolsVersion="4.0" xmlns="http://schemas.microsoft.com/developer/msbuild/2003">
  <ItemGroup>
    <Filter Include="Source Files">
      <UniqueIdentifier>{4FC737F1-C7A5-4376-A066-2A32D752A2FF}</UniqueIdentifier>
      <Extensions>cpp;c;cc;cxx;c++;cppm;ixx;def;odl;idl;hpj;bat;asm;asmx</Extensions>
    </Filter>
    <Filter Include="Header Files">
      <UniqueIdentifier>{93995380-89BD-4b04-88EB-625FBE52EBFB}</UniqueIdentifier>
      <Extensions>h;hh;hpp;hxx;h++;hm;inl;inc;ipp;xsd</Extensions>
    </Filter>
    <Filter Include="Resource Files">
      <UniqueIdentifier>{67DA6AB6-F800-4c08-8B7A-83BB121AAD01}</UniqueIdentifier>
      <Extensions>rc;ico;cur;bmp;dlg;rc2;rct;bin;rgs;gif;jpg;jpeg;jpe;resx;tiff;tif;png;wav;mfcribbon-ms</Extensions>
    </Filter>
    <Filter Include="Includes">
      <UniqueIdentifier>{e8f7342c-5b06-408f-8478-35152c28672c}</UniqueIdentifier>
    </Filter>
    <Filter Include="Tests">
      <UniqueIdentifier>{26718329-e879-4467-9724-712f3af05b7a}</UniqueIdentifier>
    </Filter>
    <Filter Include="Ships">
      <UniqueIdentifier>{9d5a5149-ebe9-4884-81d4-920bb7bb54e9}</UniqueIdentifier>
    </Filter>
    <Filter Include="Combat">
      <UniqueIdentifier>{cb1b3b7a-e055-4134-a7f5-96661133b4c5}</UniqueIdentifier>
    </Filter>
    <Filter Include="World">
      <UniqueIdentifier>{89e87dff-361a-4c85-8f4f-7ffa354d90ac}</UniqueIdentifier>
    </Filter>
  </ItemGroup>
  <ItemGroup>
    <ClInclude Include="TestBattleship.h">
      <Filter>Tests</Filter>
    </ClInclude>
    <ClInclude Include="ITestShip.h">
      <Filter>Tests</Filter>
    </ClInclude>
    <ClInclude Include="Battleship.h">
      <Filter>Ships</Filter>
    </ClInclude>
    <ClInclude Include="IShip.h">
      <Filter>Ships</Filter>
    </ClInclude>
    <ClInclude Include="Includes\catch.hpp">
      <Filter>Includes</Filter>
    </ClInclude>
    <ClInclude Include="GLOBAL_SHIP_DEFINES.h">
      <Filter>Ships</Filter>
    </ClInclude>
    <ClInclude Include="HitData.h">
      <Filter>Combat</Filter>
    </ClInclude>
    <ClInclude Include="WorldCoord.h">
      <Filter>World</Filter>
    </ClInclude>
    <ClInclude Include="BattleshipGameTests.h">
      <Filter>Tests</Filter>
    </ClInclude>
    <ClInclude Include="World.h">
      <Filter>World</Filter>
    </ClInclude>
    <ClInclude Include="WorldTile.h">
      <Filter>World</Filter>
    </ClInclude>
  </ItemGroup>
  <ItemGroup>
    <ClCompile Include="BattleshipGame.cpp">
      <Filter>Source Files</Filter>
    </ClCompile>
    <ClCompile Include="TestBattleship.cpp">
      <Filter>Tests</Filter>
    </ClCompile>
    <ClCompile Include="BattleshipTests.cpp">
      <Filter>Tests</Filter>
    </ClCompile>
    <ClCompile Include="Battleship.cpp">
      <Filter>Ships</Filter>
    </ClCompile>
    <ClCompile Include="TestCoord.cpp">
      <Filter>Tests</Filter>
    </ClCompile>
    <ClCompile Include="TestHitData.cpp">
      <Filter>Tests</Filter>
    </ClCompile>
    <ClCompile Include="TestTile.cpp">
      <Filter>Tests</Filter>
    </ClCompile>
    <ClCompile Include="World.cpp">
      <Filter>World</Filter>
    </ClCompile>
  </ItemGroup>
</Project>